
Microsoft Visual Studio Solution File, Format Version 12.00
# Visual Studio Version 17
VisualStudioVersion = 17.6.33829.357
MinimumVisualStudioVersion = 10.0.40219.1
Project("{FAE04EC0-301F-11D3-BF4B-00C04F79EFBC}") = "Calculator", "Calculator\Calculator.csproj", "{EAEAA59B-B94D-46A1-9FA5-419A64E2EB07}"
EndProject
Global
	GlobalSection(SolutionConfigurationPlatforms) = preSolution
		Debug|Any CPU = Debug|Any CPU
		Release|Any CPU = Release|Any CPU
	EndGlobalSection
	GlobalSection(ProjectConfigurationPlatforms) = postSolution
		{EAEAA59B-B94D-46A1-9FA5-419A64E2EB07}.Debug|Any CPU.ActiveCfg = Debug|Any CPU
		{EAEAA59B-B94D-46A1-9FA5-419A64E2EB07}.Debug|Any CPU.Build.0 = Debug|Any CPU
		{EAEAA59B-B94D-46A1-9FA5-419A64E2EB07}.Release|Any CPU.ActiveCfg = Release|Any CPU
		{EAEAA59B-B94D-46A1-9FA5-419A64E2EB07}.Release|Any CPU.Build.0 = Release|Any CPU
	EndGlobalSection
	GlobalSection(SolutionProperties) = preSolution
		HideSolutionNode = FALSE
	EndGlobalSection
	GlobalSection(ExtensibilityGlobals) = postSolution
		SolutionGuid = {EA9D2DF6-B416-4B49-9E57-5009D95FACE3}
	EndGlobalSection
EndGlobal
